
Microsoft Visual Studio Solution File, Format Version 12.00
# Visual Studio Version 16
VisualStudioVersion = 16.0.32413.511
MinimumVisualStudioVersion = 10.0.40219.1
Project("{FAE04EC0-301F-11D3-BF4B-00C04F79EFBC}") = "AuthenticationDemo", "AuthenticationDemo\AuthenticationDemo.csproj", "{81EE1E27-6B75-4329-A9A6-4859C068E54A}"
EndProject
Global
	GlobalSection(SolutionConfigurationPlatforms) = preSolution
		Debug|Any CPU = Debug|Any CPU
		Release|Any CPU = Release|Any CPU
	EndGlobalSection
	GlobalSection(ProjectConfigurationPlatforms) = postSolution
		{81EE1E27-6B75-4329-A9A6-4859C068E54A}.Debug|Any CPU.ActiveCfg = Debug|Any CPU
		{81EE1E27-6B75-4329-A9A6-4859C068E54A}.Debug|Any CPU.Build.0 = Debug|Any CPU
		{81EE1E27-6B75-4329-A9A6-4859C068E54A}.Release|Any CPU.ActiveCfg = Release|Any CPU
		{81EE1E27-6B75-4329-A9A6-4859C068E54A}.Release|Any CPU.Build.0 = Release|Any CPU
	EndGlobalSection
	GlobalSection(SolutionProperties) = preSolution
		HideSolutionNode = FALSE
	EndGlobalSection
	GlobalSection(ExtensibilityGlobals) = postSolution
		SolutionGuid = {B2FE3881-1470-4008-8538-0FE88743663E}
	EndGlobalSection
EndGlobal
